// !$*UTF8*$!
{
	archiveVersion = 1;
	classes = {
	};
	objectVersion = 56;
	objects = {

/* Begin PBXBuildFile section */
		D80E8A7929D397ED004B6685 /* AppDelegate.swift in Sources */ = {isa = PBXBuildFile; fileRef = D80E8A7829D397ED004B6685 /* AppDelegate.swift */; };
		D80E8A7B29D397ED004B6685 /* SceneDelegate.swift in Sources */ = {isa = PBXBuildFile; fileRef = D80E8A7A29D397ED004B6685 /* SceneDelegate.swift */; };
		D80E8A7D29D397ED004B6685 /* ViewController.swift in Sources */ = {isa = PBXBuildFile; fileRef = D80E8A7C29D397ED004B6685 /* ViewController.swift */; };
		D80E8A8029D397ED004B6685 /* Main.storyboard in Resources */ = {isa = PBXBuildFile; fileRef = D80E8A7E29D397ED004B6685 /* Main.storyboard */; };
		D80E8A8229D397EF004B6685 /* Assets.xcassets in Resources */ = {isa = PBXBuildFile; fileRef = D80E8A8129D397EF004B6685 /* Assets.xcassets */; };
		D80E8A8529D397EF004B6685 /* LaunchScreen.storyboard in Resources */ = {isa = PBXBuildFile; fileRef = D80E8A8329D397EF004B6685 /* LaunchScreen.storyboard */; };
		D80E8A8F29D3A377004B6685 /* FaceNode.swift in Sources */ = {isa = PBXBuildFile; fileRef = D80E8A8E29D3A377004B6685 /* FaceNode.swift */; };
		D80E8A9A29D63DC7004B6685 /* ARVideoKit in Frameworks */ = {isa = PBXBuildFile; productRef = D80E8A9929D63DC7004B6685 /* ARVideoKit */; };
/* End PBXBuildFile section */

/* Begin PBXFileReference section */
		D80E8A7529D397ED004B6685 /* MustacheARKit.app */ = {isa = PBXFileReference; explicitFileType = wrapper.application; includeInIndex = 0; path = MustacheARKit.app; sourceTree = BUILT_PRODUCTS_DIR; };
		D80E8A7829D397ED004B6685 /* AppDelegate.swift */ = {isa = PBXFileReference; lastKnownFileType = sourcecode.swift; path = AppDelegate.swift; sourceTree = "<group>"; };
		D80E8A7A29D397ED004B6685 /* SceneDelegate.swift */ = {isa = PBXFileReference; lastKnownFileType = sourcecode.swift; path = SceneDelegate.swift; sourceTree = "<group>"; };
		D80E8A7C29D397ED004B6685 /* ViewController.swift */ = {isa = PBXFileReference; lastKnownFileType = sourcecode.swift; path = ViewController.swift; sourceTree = "<group>"; };
		D80E8A7F29D397ED004B6685 /* Base */ = {isa = PBXFileReference; lastKnownFileType = file.storyboard; name = Base; path = Base.lproj/Main.storyboard; sourceTree = "<group>"; };
		D80E8A8129D397EF004B6685 /* Assets.xcassets */ = {isa = PBXFileReference; lastKnownFileType = folder.assetcatalog; path = Assets.xcassets; sourceTree = "<group>"; };
		D80E8A8429D397EF004B6685 /* Base */ = {isa = PBXFileReference; lastKnownFileType = file.storyboard; name = Base; path = Base.lproj/LaunchScreen.storyboard; sourceTree = "<group>"; };
		D80E8A8629D397EF004B6685 /* Info.plist */ = {isa = PBXFileReference; lastKnownFileType = text.plist.xml; path = Info.plist; sourceTree = "<group>"; };
		D80E8A8E29D3A377004B6685 /* FaceNode.swift */ = {isa = PBXFileReference; lastKnownFileType = sourcecode.swift; path = FaceNode.swift; sourceTree = "<group>"; };
/* End PBXFileReference section */

/* Begin PBXFrameworksBuildPhase section */
		D80E8A7229D397ED004B6685 /* Frameworks */ = {
			isa = PBXFrameworksBuildPhase;
			buildActionMask = 2147483647;
			files = (
				D80E8A9A29D63DC7004B6685 /* ARVideoKit in Frameworks */,
			);
			runOnlyForDeploymentPostprocessing = 0;
		};
/* End PBXFrameworksBuildPhase section */

/* Begin PBXGroup section */
		D80E8A6C29D397ED004B6685 = {
			isa = PBXGroup;
			children = (
				D80E8A7729D397ED004B6685 /* MustacheARKit */,
				D80E8A7629D397ED004B6685 /* Products */,
			);
			sourceTree = "<group>";
		};
		D80E8A7629D397ED004B6685 /* Products */ = {
			isa = PBXGroup;
			children = (
				D80E8A7529D397ED004B6685 /* MustacheARKit.app */,
			);
			name = Products;
			sourceTree = "<group>";
		};
		D80E8A7729D397ED004B6685 /* MustacheARKit */ = {
			isa = PBXGroup;
			children = (
				D80E8A8D29D39814004B6685 /* Storyboard */,
				D80E8A8C29D397FA004B6685 /* Resources */,
				D80E8A7C29D397ED004B6685 /* ViewController.swift */,
				D80E8A8E29D3A377004B6685 /* FaceNode.swift */,
			);
			path = MustacheARKit;
			sourceTree = "<group>";
		};
		D80E8A8C29D397FA004B6685 /* Resources */ = {
			isa = PBXGroup;
			children = (
				D80E8A8629D397EF004B6685 /* Info.plist */,
				D80E8A7829D397ED004B6685 /* AppDelegate.swift */,
				D80E8A7A29D397ED004B6685 /* SceneDelegate.swift */,
				D80E8A8129D397EF004B6685 /* Assets.xcassets */,
			);
			path = Resources;
			sourceTree = "<group>";
		};
		D80E8A8D29D39814004B6685 /* Storyboard */ = {
			isa = PBXGroup;
			children = (
				D80E8A7E29D397ED004B6685 /* Main.storyboard */,
				D80E8A8329D397EF004B6685 /* LaunchScreen.storyboard */,
			);
			path = Storyboard;
			sourceTree = "<group>";
		};
/* End PBXGroup section */

/* Begin PBXNativeTarget section */
		D80E8A7429D397ED004B6685 /* MustacheARKit */ = {
			isa = PBXNativeTarget;
			buildConfigurationList = D80E8A8929D397EF004B6685 /* Build configuration list for PBXNativeTarget "MustacheARKit" */;
			buildPhases = (
				D80E8A7129D397ED004B6685 /* Sources */,
				D80E8A7229D397ED004B6685 /* Frameworks */,
				D80E8A7329D397ED004B6685 /* Resources */,
			);
			buildRules = (
			);
			dependencies = (
			);
			name = MustacheARKit;
			packageProductDependencies = (
				D80E8A9929D63DC7004B6685 /* ARVideoKit */,
			);
			productName = MustacheARKit;
			productReference = D80E8A7529D397ED004B6685 /* MustacheARKit.app */;
			productType = "com.apple.product-type.application";
		};
/* End PBXNativeTarget section */

/* Begin PBXProject section */
		D80E8A6D29D397ED004B6685 /* Project object */ = {
			isa = PBXProject;
			attributes = {
				BuildIndependentTargetsInParallel = 1;
				LastSwiftUpdateCheck = 1420;
				LastUpgradeCheck = 1420;
				TargetAttributes = {
					D80E8A7429D397ED004B6685 = {
						CreatedOnToolsVersion = 14.2;
					};
				};
			};
			buildConfigurationList = D80E8A7029D397ED004B6685 /* Build configuration list for PBXProject "MustacheARKit" */;
			compatibilityVersion = "Xcode 14.0";
			developmentRegion = en;
			hasScannedForEncodings = 0;
			knownRegions = (
				en,
				Base,
			);
			mainGroup = D80E8A6C29D397ED004B6685;
			packageReferences = (
				D80E8A9829D63DC7004B6685 /* XCRemoteSwiftPackageReference "ARVideoKit" */,
			);
			productRefGroup = D80E8A7629D397ED004B6685 /* Products */;
			projectDirPath = "";
			projectRoot = "";
			targets = (
				D80E8A7429D397ED004B6685 /* MustacheARKit */,
			);
		};
/* End PBXProject section */

/* Begin PBXResourcesBuildPhase section */
		D80E8A7329D397ED004B6685 /* Resources */ = {
			isa = PBXResourcesBuildPhase;
			buildActionMask = 2147483647;
			files = (
				D80E8A8529D397EF004B6685 /* LaunchScreen.storyboard in Resources */,
				D80E8A8229D397EF004B6685 /* Assets.xcassets in Resources */,
				D80E8A8029D397ED004B6685 /* Main.storyboard in Resources */,
			);
			runOnlyForDeploymentPostprocessing = 0;
		};
/* End PBXResourcesBuildPhase section */

/* Begin PBXSourcesBuildPhase section */
		D80E8A7129D397ED004B6685 /* Sources */ = {
			isa = PBXSourcesBuildPhase;
			buildActionMask = 2147483647;
			files = (
				D80E8A7D29D397ED004B6685 /* ViewController.swift in Sources */,
				D80E8A7929D397ED004B6685 /* AppDelegate.swift in Sources */,
				D80E8A8F29D3A377004B6685 /* FaceNode.swift in Sources */,
				D80E8A7B29D397ED004B6685 /* SceneDelegate.swift in Sources */,
			);
			runOnlyForDeploymentPostprocessing = 0;
		};
/* End PBXSourcesBuildPhase section */

/* Begin PBXVariantGroup section */
		D80E8A7E29D397ED004B6685 /* Main.storyboard */ = {
			isa = PBXVariantGroup;
			children = (
				D80E8A7F29D397ED004B6685 /* Base */,
			);
			name = Main.storyboard;
			sourceTree = "<group>";
		};
		D80E8A8329D397EF004B6685 /* LaunchScreen.storyboard */ = {
			isa = PBXVariantGroup;
			children = (
				D80E8A8429D397EF004B6685 /* Base */,
			);
			name = LaunchScreen.storyboard;
			sourceTree = "<group>";
		};
/* End PBXVariantGroup section */

/* Begin XCBuildConfiguration section */
		D80E8A8729D397EF004B6685 /* Debug */ = {
			isa = XCBuildConfiguration;
			buildSettings = {
				ALWAYS_SEARCH_USER_PATHS = NO;
				CLANG_ANALYZER_NONNULL = YES;
				CLANG_ANALYZER_NUMBER_OBJECT_CONVERSION = YES_AGGRESSIVE;
				CLANG_CXX_LANGUAGE_STANDARD = "gnu++20";
				CLANG_ENABLE_MODULES = YES;
				CLANG_ENABLE_OBJC_ARC = YES;
				CLANG_ENABLE_OBJC_WEAK = YES;
				CLANG_WARN_BLOCK_CAPTURE_AUTORELEASING = YES;
				CLANG_WARN_BOOL_CONVERSION = YES;
				CLANG_WARN_COMMA = YES;
				CLANG_WARN_CONSTANT_CONVERSION = YES;
				CLANG_WARN_DEPRECATED_OBJC_IMPLEMENTATIONS = YES;
				CLANG_WARN_DIRECT_OBJC_ISA_USAGE = YES_ERROR;
				CLANG_WARN_DOCUMENTATION_COMMENTS = YES;
				CLANG_WARN_EMPTY_BODY = YES;
				CLANG_WARN_ENUM_CONVERSION = YES;
				CLANG_WARN_INFINITE_RECURSION = YES;
				CLANG_WARN_INT_CONVERSION = YES;
				CLANG_WARN_NON_LITERAL_NULL_CONVERSION = YES;
				CLANG_WARN_OBJC_IMPLICIT_RETAIN_SELF = YES;
				CLANG_WARN_OBJC_LITERAL_CONVERSION = YES;
				CLANG_WARN_OBJC_ROOT_CLASS = YES_ERROR;
				CLANG_WARN_QUOTED_INCLUDE_IN_FRAMEWORK_HEADER = YES;
				CLANG_WARN_RANGE_LOOP_ANALYSIS = YES;
				CLANG_WARN_STRICT_PROTOTYPES = YES;
				CLANG_WARN_SUSPICIOUS_MOVE = YES;
				CLANG_WARN_UNGUARDED_AVAILABILITY = YES_AGGRESSIVE;
				CLANG_WARN_UNREACHABLE_CODE = YES;
				CLANG_WARN__DUPLICATE_METHOD_MATCH = YES;
				COPY_PHASE_STRIP = NO;
				DEBUG_INFORMATION_FORMAT = dwarf;
				ENABLE_STRICT_OBJC_MSGSEND = YES;
				ENABLE_TESTABILITY = YES;
				GCC_C_LANGUAGE_STANDARD = gnu11;
				GCC_DYNAMIC_NO_PIC = NO;
				GCC_NO_COMMON_BLOCKS = YES;
				GCC_OPTIMIZATION_LEVEL = 0;
				GCC_PREPROCESSOR_DEFINITIONS = (
					"DEBUG=1",
					"$(inherited)",
				);
				GCC_WARN_64_TO_32_BIT_CONVERSION = YES;
				GCC_WARN_ABOUT_RETURN_TYPE = YES_ERROR;
				GCC_WARN_UNDECLARED_SELECTOR = YES;
				GCC_WARN_UNINITIALIZED_AUTOS = YES_AGGRESSIVE;
				GCC_WARN_UNUSED_FUNCTION = YES;
				GCC_WARN_UNUSED_VARIABLE = YES;
				IPHONEOS_DEPLOYMENT_TARGET = 16.2;
				MTL_ENABLE_DEBUG_INFO = INCLUDE_SOURCE;
				MTL_FAST_MATH = YES;
				ONLY_ACTIVE_ARCH = YES;
				SDKROOT = iphoneos;
				SWIFT_ACTIVE_COMPILATION_CONDITIONS = DEBUG;
				SWIFT_OPTIMIZATION_LEVEL = "-Onone";
			};
			name = Debug;
		};
		D80E8A8829D397EF004B6685 /* Release */ = {
			isa = XCBuildConfiguration;
			buildSettings = {
				ALWAYS_SEARCH_USER_PATHS = NO;
				CLANG_ANALYZER_NONNULL = YES;
				CLANG_ANALYZER_NUMBER_OBJECT_CONVERSION = YES_AGGRESSIVE;
				CLANG_CXX_LANGUAGE_STANDARD = "gnu++20";
				CLANG_ENABLE_MODULES = YES;
				CLANG_ENABLE_OBJC_ARC = YES;
				CLANG_ENABLE_OBJC_WEAK = YES;
				CLANG_WARN_BLOCK_CAPTURE_AUTORELEASING = YES;
				CLANG_WARN_BOOL_CONVERSION = YES;
				CLANG_WARN_COMMA = YES;
				CLANG_WARN_CONSTANT_CONVERSION = YES;
				CLANG_WARN_DEPRECATED_OBJC_IMPLEMENTATIONS = YES;
				CLANG_WARN_DIRECT_OBJC_ISA_USAGE = YES_ERROR;
				CLANG_WARN_DOCUMENTATION_COMMENTS = YES;
				CLANG_WARN_EMPTY_BODY = YES;
				CLANG_WARN_ENUM_CONVERSION = YES;
				CLANG_WARN_INFINITE_RECURSION = YES;
				CLANG_WARN_INT_CONVERSION = YES;
				CLANG_WARN_NON_LITERAL_NULL_CONVERSION = YES;
				CLANG_WARN_OBJC_IMPLICIT_RETAIN_SELF = YES;
				CLANG_WARN_OBJC_LITERAL_CONVERSION = YES;
				CLANG_WARN_OBJC_ROOT_CLASS = YES_ERROR;
				CLANG_WARN_QUOTED_INCLUDE_IN_FRAMEWORK_HEADER = YES;
				CLANG_WARN_RANGE_LOOP_ANALYSIS = YES;
				CLANG_WARN_STRICT_PROTOTYPES = YES;
				CLANG_WARN_SUSPICIOUS_MOVE = YES;
				CLANG_WARN_UNGUARDED_AVAILABILITY = YES_AGGRESSIVE;
				CLANG_WARN_UNREACHABLE_CODE = YES;
				CLANG_WARN__DUPLICATE_METHOD_MATCH = YES;
				COPY_PHASE_STRIP = NO;
				DEBUG_INFORMATION_FORMAT = "dwarf-with-dsym";
				ENABLE_NS_ASSERTIONS = NO;
				ENABLE_STRICT_OBJC_MSGSEND = YES;
				GCC_C_LANGUAGE_STANDARD = gnu11;
				GCC_NO_COMMON_BLOCKS = YES;
				GCC_WARN_64_TO_32_BIT_CONVERSION = YES;
				GCC_WARN_ABOUT_RETURN_TYPE = YES_ERROR;
				GCC_WARN_UNDECLARED_SELECTOR = YES;
				GCC_WARN_UNINITIALIZED_AUTOS = YES_AGGRESSIVE;
				GCC_WARN_UNUSED_FUNCTION = YES;
				GCC_WARN_UNUSED_VARIABLE = YES;
				IPHONEOS_DEPLOYMENT_TARGET = 16.2;
				MTL_ENABLE_DEBUG_INFO = NO;
				MTL_FAST_MATH = YES;
				SDKROOT = iphoneos;
				SWIFT_COMPILATION_MODE = wholemodule;
				SWIFT_OPTIMIZATION_LEVEL = "-O";
				VALIDATE_PRODUCT = YES;
			};
			name = Release;
		};
		D80E8A8A29D397EF004B6685 /* Debug */ = {
			isa = XCBuildConfiguration;
			buildSettings = {
				ASSETCATALOG_COMPILER_APPICON_NAME = AppIcon;
				ASSETCATALOG_COMPILER_GLOBAL_ACCENT_COLOR_NAME = AccentColor;
				CODE_SIGN_STYLE = Automatic;
				CURRENT_PROJECT_VERSION = 1;
				DEVELOPMENT_TEAM = 74AQA4M4HV;
				GENERATE_INFOPLIST_FILE = YES;
				INFOPLIST_FILE = MustacheARKit/Resources/Info.plist;
				INFOPLIST_KEY_UIApplicationSupportsIndirectInputEvents = YES;
				INFOPLIST_KEY_UILaunchStoryboardName = LaunchScreen;
				INFOPLIST_KEY_UIMainStoryboardFile = Main;
				INFOPLIST_KEY_UISupportedInterfaceOrientations_iPad = "UIInterfaceOrientationPortrait UIInterfaceOrientationPortraitUpsideDown UIInterfaceOrientationLandscapeLeft UIInterfaceOrientationLandscapeRight";
				INFOPLIST_KEY_UISupportedInterfaceOrientations_iPhone = "UIInterfaceOrientationPortrait UIInterfaceOrientationLandscapeLeft UIInterfaceOrientationLandscapeRight";
				LD_RUNPATH_SEARCH_PATHS = (
					"$(inherited)",
					"@executable_path/Frameworks",
				);
				MARKETING_VERSION = 1.0;
				PRODUCT_BUNDLE_IDENTIFIER = "Dominique-Strachan.MustacheARKit";
				PRODUCT_NAME = "$(TARGET_NAME)";
				SWIFT_EMIT_LOC_STRINGS = YES;
				SWIFT_VERSION = 5.0;
				TARGETED_DEVICE_FAMILY = "1,2";
			};
			name = Debug;
		};
		D80E8A8B29D397EF004B6685 /* Release */ = {
			isa = XCBuildConfiguration;
			buildSettings = {
				ASSETCATALOG_COMPILER_APPICON_NAME = AppIcon;
				ASSETCATALOG_COMPILER_GLOBAL_ACCENT_COLOR_NAME = AccentColor;
				CODE_SIGN_STYLE = Automatic;
				CURRENT_PROJECT_VERSION = 1;
				DEVELOPMENT_TEAM = 74AQA4M4HV;
				GENERATE_INFOPLIST_FILE = YES;
				INFOPLIST_FILE = MustacheARKit/Resources/Info.plist;
				INFOPLIST_KEY_UIApplicationSupportsIndirectInputEvents = YES;
				INFOPLIST_KEY_UILaunchStoryboardName = LaunchScreen;
				INFOPLIST_KEY_UIMainStoryboardFile = Main;
				INFOPLIST_KEY_UISupportedInterfaceOrientations_iPad = "UIInterfaceOrientationPortrait UIInterfaceOrientationPortraitUpsideDown UIInterfaceOrientationLandscapeLeft UIInterfaceOrientationLandscapeRight";
				INFOPLIST_KEY_UISupportedInterfaceOrientations_iPhone = "UIInterfaceOrientationPortrait UIInterfaceOrientationLandscapeLeft UIInterfaceOrientationLandscapeRight";
				LD_RUNPATH_SEARCH_PATHS = (
					"$(inherited)",
					"@executable_path/Frameworks",
				);
				MARKETING_VERSION = 1.0;
				PRODUCT_BUNDLE_IDENTIFIER = "Dominique-Strachan.MustacheARKit";
				PRODUCT_NAME = "$(TARGET_NAME)";
				SWIFT_EMIT_LOC_STRINGS = YES;
				SWIFT_VERSION = 5.0;
				TARGETED_DEVICE_FAMILY = "1,2";
			};
			name = Release;
		};
/* End XCBuildConfiguration section */

/* Begin XCConfigurationList section */
		D80E8A7029D397ED004B6685 /* Build configuration list for PBXProject "MustacheARKit" */ = {
			isa = XCConfigurationList;
			buildConfigurations = (
				D80E8A8729D397EF004B6685 /* Debug */,
				D80E8A8829D397EF004B6685 /* Release */,
			);
			defaultConfigurationIsVisible = 0;
			defaultConfigurationName = Release;
		};
		D80E8A8929D397EF004B6685 /* Build configuration list for PBXNativeTarget "MustacheARKit" */ = {
			isa = XCConfigurationList;
			buildConfigurations = (
				D80E8A8A29D397EF004B6685 /* Debug */,
				D80E8A8B29D397EF004B6685 /* Release */,
			);
			defaultConfigurationIsVisible = 0;
			defaultConfigurationName = Release;
		};
/* End XCConfigurationList section */

/* Begin XCRemoteSwiftPackageReference section */
		D80E8A9829D63DC7004B6685 /* XCRemoteSwiftPackageReference "ARVideoKit" */ = {
			isa = XCRemoteSwiftPackageReference;
			repositoryURL = "https://github.com/AFathi/ARVideoKit";
			requirement = {
				branch = swift_5;
				kind = branch;
			};
		};
/* End XCRemoteSwiftPackageReference section */

/* Begin XCSwiftPackageProductDependency section */
		D80E8A9929D63DC7004B6685 /* ARVideoKit */ = {
			isa = XCSwiftPackageProductDependency;
			package = D80E8A9829D63DC7004B6685 /* XCRemoteSwiftPackageReference "ARVideoKit" */;
			productName = ARVideoKit;
		};
/* End XCSwiftPackageProductDependency section */
	};
	rootObject = D80E8A6D29D397ED004B6685 /* Project object */;
}
